{
  "nodes": {
    "dash": {
      "flake": false,
      "locked": {
        "lastModified": 1715347628,
        "narHash": "sha256-at42NCcdF9g7a55asnOCSqsvG+XhWuvVsHFT6kU9f9o=",
        "owner": "magnars",
        "repo": "dash.el",
        "rev": "1de9dcb83eacfb162b6d9a118a4770b1281bcd84",
        "type": "github"
      },
      "original": {
        "owner": "magnars",
        "repo": "dash.el",
        "type": "github"
      }
    },
    "f": {
      "flake": false,
      "locked": {
        "lastModified": 1709888779,
        "narHash": "sha256-uBVLkcVx7gQsFeF4GegDaRB3PJPTZKVhoGvLbfmT6x4=",
        "owner": "rejeep",
        "repo": "f.el",
        "rev": "1e7020dc0d4c52d3da9bd610d431cab13aa02d8c",
        "type": "github"
      },
      "original": {
        "owner": "rejeep",
        "repo": "f.el",
        "type": "github"
      }
    },
    "request": {
      "flake": false,
      "locked": {
        "lastModified": 1674793058,
        "narHash": "sha256-WOaAoM44yF0E9o0G3NoN198i7l5fGnBJwNCGtbyWMKs=",
        "owner": "tkf",
        "repo": "emacs-request",
        "rev": "01e338c335c07e4407239619e57361944a82cb8a",
        "type": "github"
      },
      "original": {
        "owner": "tkf",
        "repo": "emacs-request",
        "type": "github"
      }
    },
    "root": {
      "inputs": {
        "dash": "dash",
        "f": "f",
        "request": "request",
        "s": "s"
      }
    },
    "s": {
      "flake": false,
      "locked": {
        "lastModified": 1681482914,
        "narHash": "sha256-fbF/SyPwEiJICaPBq0xWj2yLWjdNwkaLF2iYvZ2EO1k=",
        "owner": "magnars",
        "repo": "s.el",
        "rev": "dda84d38fffdaf0c9b12837b504b402af910d01d",
        "type": "github"
      },
      "original": {
        "owner": "magnars",
        "repo": "s.el",
        "type": "github"
      }
    }
  },
  "root": "root",
  "version": 7
}
