{
  "nodes": {
    "async": {
      "flake": false,
      "locked": {
        "lastModified": 1451290400,
        "narHash": "sha256-5nTkAnB6SOsFg9aXOxI5oON9RBByVO3Lq/vrmqHVgw4=",
        "owner": "jwiegley",
        "repo": "emacs-async",
        "rev": "1794ea4955c6eeb62471b232a2d4fd6a6925a2c9",
        "type": "github"
      },
      "original": {
        "owner": "jwiegley",
        "repo": "emacs-async",
        "type": "github"
      }
    },
    "dash": {
      "flake": false,
      "locked": {
        "lastModified": 1632096711,
        "narHash": "sha256-oeIUEe5OGgij6IessN6bmS7re5r+D5BlrU4MOsaK3JE=",
        "owner": "magnars",
        "repo": "dash.el",
        "rev": "da167c51e9fd167a48d06c7c0ee8e3ac7abd9718",
        "type": "github"
      },
      "original": {
        "owner": "magnars",
        "repo": "dash.el",
        "type": "github"
      }
    },
    "f": {
      "flake": false,
      "locked": {
        "lastModified": 1624532602,
        "narHash": "sha256-vsslMtF8dQm6cJYb07SxPO0rp44lfRONSxRHj3e52Ew=",
        "owner": "rejeep",
        "repo": "f.el",
        "rev": "50af874cd19042f17c8686813d52569b1025c76a",
        "type": "github"
      },
      "original": {
        "owner": "rejeep",
        "repo": "f.el",
        "type": "github"
      }
    },
    "org-download": {
      "flake": false,
      "locked": {
        "lastModified": 1610963917,
        "narHash": "sha256-qOms43sXua2DE8LFDrsiu4VJ08q55QT6besCgUQm+/s=",
        "owner": "abo-abo",
        "repo": "org-download",
        "rev": "947ca223643d28e189480e607df68449c15786cb",
        "type": "github"
      },
      "original": {
        "owner": "abo-abo",
        "repo": "org-download",
        "type": "github"
      }
    },
    "org-volume": {
      "flake": false,
      "locked": {
        "lastModified": 1645092050,
        "narHash": "sha256-3K3vjMc5cyU9KW3ao8Ls8T73cX7/A/5HnpfXF2eF0ys=",
        "owner": "akirak",
        "repo": "org-volume",
        "rev": "a7adcd6cdb9893d9d91dc303cd57a35b1396d442",
        "type": "github"
      },
      "original": {
        "owner": "akirak",
        "repo": "org-volume",
        "type": "github"
      }
    },
    "request": {
      "flake": false,
      "locked": {
        "lastModified": 1636312066,
        "narHash": "sha256-TAFD4HDw44osD8+d5L+U7N5LxkoLfTqoaSV9+Ivnk0k=",
        "owner": "tkf",
        "repo": "emacs-request",
        "rev": "3336eaa97de923f74b90dda3e35985e122d40805",
        "type": "github"
      },
      "original": {
        "owner": "tkf",
        "repo": "emacs-request",
        "type": "github"
      }
    },
    "root": {
      "inputs": {
        "async": "async",
        "dash": "dash",
        "f": "f",
        "org-download": "org-download",
        "org-volume": "org-volume",
        "request": "request",
        "s": "s"
      }
    },
    "s": {
      "flake": false,
      "locked": {
        "lastModified": 1623824393,
        "narHash": "sha256-F0BrAlsxBskNzkyHriG3yNY+PZ7npYi1x98Ci5yVDAo=",
        "owner": "magnars",
        "repo": "s.el",
        "rev": "08661efb075d1c6b4fa812184c1e5e90c08795a9",
        "type": "github"
      },
      "original": {
        "owner": "magnars",
        "repo": "s.el",
        "type": "github"
      }
    }
  },
  "root": "root",
  "version": 7
}
